
Microsoft Visual Studio Solution File, Format Version 12.00
# Visual Studio Version 17
VisualStudioVersion = 17.4.33403.182
MinimumVisualStudioVersion = 10.0.40219.1
Project("{FAE04EC0-301F-11D3-BF4B-00C04F79EFBC}") = "Kurs_0311_GitHub", "Kurs_0311_GitHub\Kurs_0311_GitHub.csproj", "{82B5F856-7E96-4CC4-91BB-F040814E79EB}"
EndProject
Global
	GlobalSection(SolutionConfigurationPlatforms) = preSolution
		Debug|Any CPU = Debug|Any CPU
		Release|Any CPU = Release|Any CPU
	EndGlobalSection
	GlobalSection(ProjectConfigurationPlatforms) = postSolution
		{82B5F856-7E96-4CC4-91BB-F040814E79EB}.Debug|Any CPU.ActiveCfg = Debug|Any CPU
		{82B5F856-7E96-4CC4-91BB-F040814E79EB}.Debug|Any CPU.Build.0 = Debug|Any CPU
		{82B5F856-7E96-4CC4-91BB-F040814E79EB}.Release|Any CPU.ActiveCfg = Release|Any CPU
		{82B5F856-7E96-4CC4-91BB-F040814E79EB}.Release|Any CPU.Build.0 = Release|Any CPU
	EndGlobalSection
	GlobalSection(SolutionProperties) = preSolution
		HideSolutionNode = FALSE
	EndGlobalSection
	GlobalSection(ExtensibilityGlobals) = postSolution
		SolutionGuid = {25A61BB8-4919-4B83-9C75-8B8499F3AE17}
	EndGlobalSection
EndGlobal
